
Microsoft Visual Studio Solution File, Format Version 12.00
# Visual Studio 15
VisualStudioVersion = 15.0.27703.2026
MinimumVisualStudioVersion = 10.0.40219.1
Project("{9A19103F-16F7-4668-BE54-9A1E7A4F7556}") = "Edamos.Core", "Edamos.Core\Edamos.Core.csproj", "{97453326-C3AD-4227-9555-69AD7BF4AF1E}"
EndProject
Project("{9A19103F-16F7-4668-BE54-9A1E7A4F7556}") = "Edamos.IdentityServer", "Edamos.IdentityServer\Edamos.IdentityServer.csproj", "{4273B97D-BBEB-4993-B8EC-823A0EFB7B90}"
EndProject
Project("{E53339B2-1760-4266-BCC7-CA923CBCF16C}") = "docker-compose", "docker-compose.dcproj", "{878B52D0-5B13-4D75-ADD7-0635C79F021C}"
EndProject
Project("{9A19103F-16F7-4668-BE54-9A1E7A4F7556}") = "Edamos.AspNetCore", "Edamos.AspNetCore\Edamos.AspNetCore.csproj", "{D3D6777A-9E96-493A-84F8-0BD1C48FCC30}"
EndProject
Project("{2150E333-8FDC-42A3-9474-1A3956D46DE8}") = "Solution Items", "Solution Items", "{E3EDB12C-AF68-48E5-AC03-2BDE8581D4F7}"
	ProjectSection(SolutionItems) = preProject
		backlog.txt = backlog.txt
		..\env\fixDocker.ps1 = ..\env\fixDocker.ps1
		..\env\selfSignedCert.ps1 = ..\env\selfSignedCert.ps1
	EndProjectSection
EndProject
Project("{9A19103F-16F7-4668-BE54-9A1E7A4F7556}") = "Edamos.WebUI", "Edamos.WebUI\Edamos.WebUI.csproj", "{737BB918-43E2-4898-B888-F9686FDC8520}"
EndProject
Project("{9A19103F-16F7-4668-BE54-9A1E7A4F7556}") = "Edamos.AdminUI", "Edamos.AdminUI\Edamos.AdminUI.csproj", "{C4FC2D98-9845-4363-9742-D14D5D14DB11}"
EndProject
Project("{9A19103F-16F7-4668-BE54-9A1E7A4F7556}") = "Edamos.KibanaUI", "Edamos.KibanaUI\Edamos.KibanaUI.csproj", "{7EE778FA-52E2-4193-BCB5-11E68E972547}"
EndProject
Global
	GlobalSection(SolutionConfigurationPlatforms) = preSolution
		Debug|Any CPU = Debug|Any CPU
		Release|Any CPU = Release|Any CPU
	EndGlobalSection
	GlobalSection(ProjectConfigurationPlatforms) = postSolution
		{97453326-C3AD-4227-9555-69AD7BF4AF1E}.Debug|Any CPU.ActiveCfg = Debug|Any CPU
		{97453326-C3AD-4227-9555-69AD7BF4AF1E}.Debug|Any CPU.Build.0 = Debug|Any CPU
		{97453326-C3AD-4227-9555-69AD7BF4AF1E}.Release|Any CPU.ActiveCfg = Release|Any CPU
		{97453326-C3AD-4227-9555-69AD7BF4AF1E}.Release|Any CPU.Build.0 = Release|Any CPU
		{4273B97D-BBEB-4993-B8EC-823A0EFB7B90}.Debug|Any CPU.ActiveCfg = Debug|Any CPU
		{4273B97D-BBEB-4993-B8EC-823A0EFB7B90}.Debug|Any CPU.Build.0 = Debug|Any CPU
		{4273B97D-BBEB-4993-B8EC-823A0EFB7B90}.Release|Any CPU.ActiveCfg = Release|Any CPU
		{4273B97D-BBEB-4993-B8EC-823A0EFB7B90}.Release|Any CPU.Build.0 = Release|Any CPU
		{878B52D0-5B13-4D75-ADD7-0635C79F021C}.Debug|Any CPU.ActiveCfg = Debug|Any CPU
		{878B52D0-5B13-4D75-ADD7-0635C79F021C}.Debug|Any CPU.Build.0 = Debug|Any CPU
		{878B52D0-5B13-4D75-ADD7-0635C79F021C}.Release|Any CPU.ActiveCfg = Release|Any CPU
		{878B52D0-5B13-4D75-ADD7-0635C79F021C}.Release|Any CPU.Build.0 = Release|Any CPU
		{D3D6777A-9E96-493A-84F8-0BD1C48FCC30}.Debug|Any CPU.ActiveCfg = Debug|Any CPU
		{D3D6777A-9E96-493A-84F8-0BD1C48FCC30}.Debug|Any CPU.Build.0 = Debug|Any CPU
		{D3D6777A-9E96-493A-84F8-0BD1C48FCC30}.Release|Any CPU.ActiveCfg = Release|Any CPU
		{D3D6777A-9E96-493A-84F8-0BD1C48FCC30}.Release|Any CPU.Build.0 = Release|Any CPU
		{737BB918-43E2-4898-B888-F9686FDC8520}.Debug|Any CPU.ActiveCfg = Debug|Any CPU
		{737BB918-43E2-4898-B888-F9686FDC8520}.Debug|Any CPU.Build.0 = Debug|Any CPU
		{737BB918-43E2-4898-B888-F9686FDC8520}.Release|Any CPU.ActiveCfg = Release|Any CPU
		{737BB918-43E2-4898-B888-F9686FDC8520}.Release|Any CPU.Build.0 = Release|Any CPU
		{C4FC2D98-9845-4363-9742-D14D5D14DB11}.Debug|Any CPU.ActiveCfg = Debug|Any CPU
		{C4FC2D98-9845-4363-9742-D14D5D14DB11}.Debug|Any CPU.Build.0 = Debug|Any CPU
		{C4FC2D98-9845-4363-9742-D14D5D14DB11}.Release|Any CPU.ActiveCfg = Release|Any CPU
		{C4FC2D98-9845-4363-9742-D14D5D14DB11}.Release|Any CPU.Build.0 = Release|Any CPU
		{7EE778FA-52E2-4193-BCB5-11E68E972547}.Debug|Any CPU.ActiveCfg = Debug|Any CPU
		{7EE778FA-52E2-4193-BCB5-11E68E972547}.Debug|Any CPU.Build.0 = Debug|Any CPU
		{7EE778FA-52E2-4193-BCB5-11E68E972547}.Release|Any CPU.ActiveCfg = Release|Any CPU
		{7EE778FA-52E2-4193-BCB5-11E68E972547}.Release|Any CPU.Build.0 = Release|Any CPU
	EndGlobalSection
	GlobalSection(SolutionProperties) = preSolution
		HideSolutionNode = FALSE
	EndGlobalSection
	GlobalSection(ExtensibilityGlobals) = postSolution
		SolutionGuid = {680FF755-A0FA-45F8-B66E-3D3C9F8EAB2F}
	EndGlobalSection
EndGlobal
